
Microsoft Visual Studio Solution File, Format Version 12.00
# Visual Studio 2013
VisualStudioVersion = 12.0.21005.1
MinimumVisualStudioVersion = 10.0.40219.1
Project("{FAE04EC0-301F-11D3-BF4B-00C04F79EFBC}") = "Non Virtual Interface Pattern", "Non Virtual Interface Pattern\Non Virtual Interface Pattern.csproj", "{954B8071-4836-4983-99B4-7DCC972F523D}"
EndProject
Global
	GlobalSection(SolutionConfigurationPlatforms) = preSolution
		Debug|Any CPU = Debug|Any CPU
		Release|Any CPU = Release|Any CPU
	EndGlobalSection
	GlobalSection(ProjectConfigurationPlatforms) = postSolution
		{954B8071-4836-4983-99B4-7DCC972F523D}.Debug|Any CPU.ActiveCfg = Debug|Any CPU
		{954B8071-4836-4983-99B4-7DCC972F523D}.Debug|Any CPU.Build.0 = Debug|Any CPU
		{954B8071-4836-4983-99B4-7DCC972F523D}.Release|Any CPU.ActiveCfg = Release|Any CPU
		{954B8071-4836-4983-99B4-7DCC972F523D}.Release|Any CPU.Build.0 = Release|Any CPU
	EndGlobalSection
	GlobalSection(SolutionProperties) = preSolution
		HideSolutionNode = FALSE
	EndGlobalSection
EndGlobal
